{
    "name": "item-upload-api",
    "version": "0.1.0",
    "lockfileVersion": 1,
    "dependencies": {
        "ajv": {
            "version": "http://sinopia.wwt.com/ajv/-/ajv-4.11.8.tgz",
            "integrity": "sha1-gv+wKynmYq5TvcIK8VlHcGc5xTY=",
            "dev": true
        },
        "asn1": {
            "version": "http://sinopia.wwt.com/asn1/-/asn1-0.2.3.tgz",
            "integrity": "sha1-2sh4dxPJlmhJ/IGAd36+nB3fO4Y=",
            "dev": true
        },
        "assert-plus": {
            "version": "http://sinopia.wwt.com/assert-plus/-/assert-plus-0.2.0.tgz",
            "integrity": "sha1-104bh+ev/A24qttwIfP+SBAasjQ=",
            "dev": true
        },
        "assertion-error": {
            "version": "http://sinopia.wwt.com/assertion-error/-/assertion-error-1.0.2.tgz",
            "integrity": "sha1-E8pRXYYgbaC6xm6DTdOX2HWBCUw=",
            "dev": true
        },
        "asynckit": {
            "version": "http://sinopia.wwt.com/asynckit/-/asynckit-0.4.0.tgz",
            "integrity": "sha1-x57Zf380y48robyXkLzDZkdLS3k=",
            "dev": true
        },
        "aws-sign2": {
            "version": "http://sinopia.wwt.com/aws-sign2/-/aws-sign2-0.6.0.tgz",
            "integrity": "sha1-FDQt0428yU0OW4fXY81jYSwOeU8=",
            "dev": true
        },
        "aws4": {
            "version": "http://sinopia.wwt.com/aws4/-/aws4-1.6.0.tgz",
            "integrity": "sha1-g+9cqGCysy5KDe7e6MdxudtXRx4=",
            "dev": true
        },
        "bcrypt-pbkdf": {
            "version": "http://sinopia.wwt.com/bcrypt-pbkdf/-/bcrypt-pbkdf-1.0.1.tgz",
            "integrity": "sha1-Y7xdy2EzG5K8Bf1SiVPDNGKgb40=",
            "dev": true,
            "optional": true
        },
        "boom": {
            "version": "http://sinopia.wwt.com/boom/-/boom-2.10.1.tgz",
            "integrity": "sha1-OciRjO/1eZ+D+UkqhI9iWt0Mdm8=",
            "dev": true
        },
        "caseless": {
            "version": "http://sinopia.wwt.com/caseless/-/caseless-0.12.0.tgz",
            "integrity": "sha1-G2gcIf+EAzyCZUMJBolCDRhxUdw=",
            "dev": true
        },
        "chai": {
            "version": "http://sinopia.wwt.com/chai/-/chai-3.5.0.tgz",
            "integrity": "sha1-TQJjewZ/6Vi9v906QOxW/vc3Mkc=",
            "dev": true
        },
        "co": {
            "version": "http://sinopia.wwt.com/co/-/co-4.6.0.tgz",
            "integrity": "sha1-bqa989hTrlTMuOR7+gvz+QMfsYQ=",
            "dev": true
        },
        "coffee-script": {
            "version": "http://sinopia.wwt.com/coffee-script/-/coffee-script-1.12.5.tgz",
            "integrity": "sha1-gJ9FhUGRErv+RqBzrXVDrxjCc0Y=",
            "dev": true
        },
        "combined-stream": {
            "version": "http://sinopia.wwt.com/combined-stream/-/combined-stream-1.0.5.tgz",
            "integrity": "sha1-k4NwpXtKUd6ix3wV1cX9+JUWQAk=",
            "dev": true
        },
        "cryptiles": {
            "version": "http://sinopia.wwt.com/cryptiles/-/cryptiles-2.0.5.tgz",
            "integrity": "sha1-O9/s3GCBR8HGcgL6KR59ylnqo7g=",
            "dev": true
        },
        "dashdash": {
            "version": "http://sinopia.wwt.com/dashdash/-/dashdash-1.14.1.tgz",
            "integrity": "sha1-hTz6D3y+L+1d4gMmuN1YEDX24vA=",
            "dev": true,
            "dependencies": {
                "assert-plus": {
                    "version": "http://sinopia.wwt.com/assert-plus/-/assert-plus-1.0.0.tgz",
                    "integrity": "sha1-8S4PPF13sLHN2RRpQuTpbB5N1SU=",
                    "dev": true
                }
            }
        },
        "debug": {
            "version": "http://sinopia.wwt.com/debug/-/debug-2.6.6.tgz",
            "integrity": "sha1-qfpvvpykPPHnn3O3XAGJy7fW21o=",
            "dev": true
        },
        "deep-eql": {
            "version": "http://sinopia.wwt.com/deep-eql/-/deep-eql-0.1.3.tgz",
            "integrity": "sha1-71WKyrjeJSBs1xOQbXTlaTDrafI=",
            "dev": true,
            "dependencies": {
                "type-detect": {
                    "version": "http://sinopia.wwt.com/type-detect/-/type-detect-0.1.1.tgz",
                    "integrity": "sha1-C6XsKohWQORw6k6FBZcZANrFiCI=",
                    "dev": true
                }
            }
        },
        "deep-equal": {
            "version": "http://sinopia.wwt.com/deep-equal/-/deep-equal-1.0.1.tgz",
            "integrity": "sha1-9dJgKStmDghO/0zbyfCK0yR0SLU=",
            "dev": true
        },
        "delayed-stream": {
            "version": "http://sinopia.wwt.com/delayed-stream/-/delayed-stream-1.0.0.tgz",
            "integrity": "sha1-3zrhmayt+31ECqrgsp4icrJOxhk=",
            "dev": true
        },
        "ecc-jsbn": {
            "version": "http://sinopia.wwt.com/ecc-jsbn/-/ecc-jsbn-0.1.1.tgz",
            "integrity": "sha1-D8c6ntXw1Tw4GTOYUj735UN3dQU=",
            "dev": true,
            "optional": true
        },
        "extend": {
            "version": "http://sinopia.wwt.com/extend/-/extend-3.0.1.tgz",
            "integrity": "sha1-p1Xqe8Gt/MWjHOfnYtuq3F5jZEQ=",
            "dev": true
        },
        "extsprintf": {
            "version": "http://sinopia.wwt.com/extsprintf/-/extsprintf-1.0.2.tgz",
            "integrity": "sha1-4QgOBljjALBilJkMxw4VAiNf1VA=",
            "dev": true
        },
        "fileset": {
            "version": "http://sinopia.wwt.com/fileset/-/fileset-0.1.8.tgz",
            "integrity": "sha1-UGuRqTluqn4y+0KoQHfHoMc2t0E=",
            "dev": true
        },
        "forever-agent": {
            "version": "http://sinopia.wwt.com/forever-agent/-/forever-agent-0.6.1.tgz",
            "integrity": "sha1-+8cfDEGt6zf5bFd60e1C2P2sypE=",
            "dev": true
        },
        "form-data": {
            "version": "http://sinopia.wwt.com/form-data/-/form-data-2.1.4.tgz",
            "integrity": "sha1-M8GDrPGTJ27KqYFDpp6Uv+4XUNE=",
            "dev": true
        },
        "frisby": {
            "version": "http://sinopia.wwt.com/frisby/-/frisby-0.8.5.tgz",
            "integrity": "sha1-p/DRJZONd+HB7V7S8yos3FaooWA=",
            "dev": true
        },
        "gaze": {
            "version": "http://sinopia.wwt.com/gaze/-/gaze-0.3.4.tgz",
            "integrity": "sha1-X5S92gr+U7xxCWm81vKCVI1gwnk=",
            "dev": true
        },
        "getpass": {
            "version": "http://sinopia.wwt.com/getpass/-/getpass-0.1.7.tgz",
            "integrity": "sha1-Xv+OPmhNVprkyysSgmBOi6YhSfo=",
            "dev": true,
            "dependencies": {
                "assert-plus": {
                    "version": "http://sinopia.wwt.com/assert-plus/-/assert-plus-1.0.0.tgz",
                    "integrity": "sha1-8S4PPF13sLHN2RRpQuTpbB5N1SU=",
                    "dev": true
                }
            }
        },
        "glob": {
            "version": "http://sinopia.wwt.com/glob/-/glob-3.2.11.tgz",
            "integrity": "sha1-Spc/Y1uRkPcV0QmH1cAP0oFevj0=",
            "dev": true,
            "dependencies": {
                "minimatch": {
                    "version": "http://sinopia.wwt.com/minimatch/-/minimatch-0.3.0.tgz",
                    "integrity": "sha1-J12O2qxPG7MyZHIInnlJyDlGmd0=",
                    "dev": true
                }
            }
        },
        "growl": {
            "version": "http://sinopia.wwt.com/growl/-/growl-1.7.0.tgz",
            "integrity": "sha1-3i1mE20ALhErpw8/EMMc98NQsto=",
            "dev": true
        },
        "har-schema": {
            "version": "http://sinopia.wwt.com/har-schema/-/har-schema-1.0.5.tgz",
            "integrity": "sha1-0mMTX0MwfALGAq/I/pWXDAFRNp4=",
            "dev": true
        },
        "har-validator": {
            "version": "http://sinopia.wwt.com/har-validator/-/har-validator-4.2.1.tgz",
            "integrity": "sha1-M0gdDxu/9gDdID11gSpqX7oALio=",
            "dev": true
        },
        "hawk": {
            "version": "http://sinopia.wwt.com/hawk/-/hawk-3.1.3.tgz",
            "integrity": "sha1-B4REvXwWQLD+VA0sm3PVlnjo4cQ=",
            "dev": true
        },
        "hoek": {
            "version": "http://sinopia.wwt.com/hoek/-/hoek-2.16.3.tgz",
            "integrity": "sha1-ILt0A9POo5jpHcRxCo/xuCdKJe0=",
            "dev": true
        },
        "http-signature": {
            "version": "http://sinopia.wwt.com/http-signature/-/http-signature-1.1.1.tgz",
            "integrity": "sha1-33LiZwZs0Kxn+3at+OE0qPvPkb8=",
            "dev": true
        },
        "inherits": {
            "version": "http://sinopia.wwt.com/inherits/-/inherits-2.0.3.tgz",
            "integrity": "sha1-Yzwsg+PaQqUC9SRmAiSA9CCCYd4=",
            "dev": true
        },
        "is-typedarray": {
            "version": "http://sinopia.wwt.com/is-typedarray/-/is-typedarray-1.0.0.tgz",
            "integrity": "sha1-5HnICFjfDBsR3dppQPlgEfzaSpo=",
            "dev": true
        },
        "isstream": {
            "version": "http://sinopia.wwt.com/isstream/-/isstream-0.1.2.tgz",
            "integrity": "sha1-R+Y/evVa+m+S4VAOaQ64uFKcCZo=",
            "dev": true
        },
        "jasmine-growl-reporter": {
            "version": "http://sinopia.wwt.com/jasmine-growl-reporter/-/jasmine-growl-reporter-0.0.3.tgz",
            "integrity": "sha1-uHrlUeNZ0orVIXdl6u9sB7dj9sg=",
            "dev": true
        },
        "jasmine-node": {
            "version": "http://sinopia.wwt.com/jasmine-node/-/jasmine-node-1.14.5.tgz",
            "integrity": "sha1-GOg5e4VpJO53ADZmw3MbWupQw50=",
            "dev": true,
            "dependencies": {
                "mkdirp": {
                    "version": "http://sinopia.wwt.com/mkdirp/-/mkdirp-0.3.5.tgz",
                    "integrity": "sha1-3j5fiWHIjHh+4TaN+EmsRBPsqNc=",
                    "dev": true
                }
            }
        },
        "jasmine-reporters": {
            "version": "http://sinopia.wwt.com/jasmine-reporters/-/jasmine-reporters-1.0.2.tgz",
            "integrity": "sha1-q2E+1Zd9x0h+hbPBL2qOqNsq3jE=",
            "dev": true,
            "dependencies": {
                "mkdirp": {
                    "version": "http://sinopia.wwt.com/mkdirp/-/mkdirp-0.3.5.tgz",
                    "integrity": "sha1-3j5fiWHIjHh+4TaN+EmsRBPsqNc=",
                    "dev": true
                }
            }
        },
        "jodid25519": {
            "version": "http://sinopia.wwt.com/jodid25519/-/jodid25519-1.0.2.tgz",
            "integrity": "sha1-BtSRIlUJNBlHfUJWM2BuDpB4KWc=",
            "dev": true,
            "optional": true
        },
        "jsbn": {
            "version": "http://sinopia.wwt.com/jsbn/-/jsbn-0.1.1.tgz",
            "integrity": "sha1-peZUwuWi3rXyAdls77yoDA7y9RM=",
            "dev": true,
            "optional": true
        },
        "json-schema": {
            "version": "http://sinopia.wwt.com/json-schema/-/json-schema-0.2.3.tgz",
            "integrity": "sha1-tIDIkuWaLwWVTOcnvT8qTogvnhM=",
            "dev": true
        },
        "json-stable-stringify": {
            "version": "http://sinopia.wwt.com/json-stable-stringify/-/json-stable-stringify-1.0.1.tgz",
            "integrity": "sha1-mnWdOcXy/1A/1TAGRu1EX4jE+a8=",
            "dev": true
        },
        "json-stringify-safe": {
            "version": "http://sinopia.wwt.com/json-stringify-safe/-/json-stringify-safe-5.0.1.tgz",
            "integrity": "sha1-Epai1Y/UXxmg9s4B1lcB4sc1tus=",
            "dev": true
        },
        "jsonify": {
            "version": "http://sinopia.wwt.com/jsonify/-/jsonify-0.0.0.tgz",
            "integrity": "sha1-LHS27kHZPKUbe1qu6PUDYx0lKnM=",
            "dev": true
        },
        "jsonschema": {
            "version": "http://sinopia.wwt.com/jsonschema/-/jsonschema-1.0.0.tgz",
            "integrity": "sha1-TVehf1G1Uiu39695WZKOsRAawoI=",
            "dev": true
        },
        "jsprim": {
            "version": "http://sinopia.wwt.com/jsprim/-/jsprim-1.4.0.tgz",
            "integrity": "sha1-o7h+QCmNjDgFUtjMdiigu5WiKRg=",
            "dev": true,
            "dependencies": {
                "assert-plus": {
                    "version": "http://sinopia.wwt.com/assert-plus/-/assert-plus-1.0.0.tgz",
                    "integrity": "sha1-8S4PPF13sLHN2RRpQuTpbB5N1SU=",
                    "dev": true
                }
            }
        },
        "lodash": {
            "version": "http://sinopia.wwt.com/lodash/-/lodash-4.17.4.tgz",
            "integrity": "sha1-eCA6TRwyiuHYbcpkYONptX9AVa4=",
            "dev": true
        },
        "lru-cache": {
            "version": "http://sinopia.wwt.com/lru-cache/-/lru-cache-2.7.3.tgz",
            "integrity": "sha1-bUUk6LlV+V1PW1iFHOId1y+06VI=",
            "dev": true
        },
        "mime-db": {
            "version": "http://sinopia.wwt.com/mime-db/-/mime-db-1.27.0.tgz",
            "integrity": "sha1-gg9XIpa70g7CXtVeW13oaeVDbrE=",
            "dev": true
        },
        "mime-types": {
            "version": "http://sinopia.wwt.com/mime-types/-/mime-types-2.1.15.tgz",
            "integrity": "sha1-pOv1BkCUVpI3uM9wBGd20J/JKu0=",
            "dev": true
        },
        "minimatch": {
            "version": "http://sinopia.wwt.com/minimatch/-/minimatch-0.2.14.tgz",
            "integrity": "sha1-x054BXT2PG+aCQ6Q775u9TpqdWo=",
            "dev": true
        },
        "minimist": {
            "version": "http://sinopia.wwt.com/minimist/-/minimist-0.0.8.tgz",
            "integrity": "sha1-hX/Kv8M5fSYluCKCYuhqp6ARsF0=",
            "dev": true
        },
        "mkdirp": {
            "version": "http://sinopia.wwt.com/mkdirp/-/mkdirp-0.5.1.tgz",
            "integrity": "sha1-MAV0OOrGz3+MR2fzhkjWaX11yQM=",
            "dev": true
        },
        "mock-request": {
            "version": "http://sinopia.wwt.com/mock-request/-/mock-request-0.1.2.tgz",
            "integrity": "sha1-gox1XI9JjFcBusado+eqpteJUNw=",
            "dev": true
        },
        "ms": {
            "version": "http://sinopia.wwt.com/ms/-/ms-0.7.3.tgz",
            "integrity": "sha1-cIFVpeROM/X9D8U+gdDUCpG+H/8=",
            "dev": true
        },
        "nock": {
            "version": "http://sinopia.wwt.com/nock/-/nock-9.0.13.tgz",
            "integrity": "sha1-0Lw570PTF5mB4isujqBp+RbFeBo=",
            "dev": true,
            "dependencies": {
                "qs": {
                    "version": "http://sinopia.wwt.com/qs/-/qs-6.4.0.tgz",
                    "integrity": "sha1-E+JtKK1rD/qpExLNO/cI7TUecjM=",
                    "dev": true
                }
            }
        },
        "oauth-sign": {
            "version": "http://sinopia.wwt.com/oauth-sign/-/oauth-sign-0.8.2.tgz",
            "integrity": "sha1-Rqarfwrq2N6unsBWV4C31O/rnUM=",
            "dev": true
        },
        "performance-now": {
            "version": "http://sinopia.wwt.com/performance-now/-/performance-now-0.2.0.tgz",
            "integrity": "sha1-M+8wxcd9TqIcWlOGnZG1bY8lVeU=",
            "dev": true
        },
        "propagate": {
            "version": "http://sinopia.wwt.com/propagate/-/propagate-0.4.0.tgz",
            "integrity": "sha1-8/zKCm/gZzanulcpZgaWF8EwtIE=",
            "dev": true
        },
        "punycode": {
            "version": "http://sinopia.wwt.com/punycode/-/punycode-1.4.1.tgz",
            "integrity": "sha1-wNWmOycYgArY4esPpSachN1BhF4=",
            "dev": true
        },
        "qs": {
            "version": "http://sinopia.wwt.com/qs/-/qs-1.2.2.tgz",
            "integrity": "sha1-GbV/8k3CqZzh+L32r82ln472H4g=",
            "dev": true
        },
        "request": {
            "version": "http://sinopia.wwt.com/request/-/request-2.81.0.tgz",
            "integrity": "sha1-xpKJRqDgbF+Nb4qTM0af/aRimKA=",
            "dev": true,
            "dependencies": {
                "qs": {
                    "version": "http://sinopia.wwt.com/qs/-/qs-6.4.0.tgz",
                    "integrity": "sha1-E+JtKK1rD/qpExLNO/cI7TUecjM=",
                    "dev": true
                }
            }
        },
        "requirejs": {
            "version": "http://sinopia.wwt.com/requirejs/-/requirejs-2.3.3.tgz",
            "integrity": "sha1-qln9OgKH6vQHlZoTgigES13WpqM=",
            "dev": true
        },
        "safe-buffer": {
            "version": "http://sinopia.wwt.com/safe-buffer/-/safe-buffer-5.0.1.tgz",
            "integrity": "sha1-0mPKVGls2KMGtcplUekt5XkY++c=",
            "dev": true
        },
        "sigmund": {
            "version": "http://sinopia.wwt.com/sigmund/-/sigmund-1.0.1.tgz",
            "integrity": "sha1-P/IfGYytIXX587eBhT/ZTQ0ZtZA=",
            "dev": true
        },
        "sntp": {
            "version": "http://sinopia.wwt.com/sntp/-/sntp-1.0.9.tgz",
            "integrity": "sha1-ZUEYTMkK7qbG57NeJlkIJEPGYZg=",
            "dev": true
        },
        "sshpk": {
            "version": "http://sinopia.wwt.com/sshpk/-/sshpk-1.13.0.tgz",
            "integrity": "sha1-/yo+T9BEl1Vf7Zezmg/YL6+zozw=",
            "dev": true,
            "dependencies": {
                "assert-plus": {
                    "version": "http://sinopia.wwt.com/assert-plus/-/assert-plus-1.0.0.tgz",
                    "integrity": "sha1-8S4PPF13sLHN2RRpQuTpbB5N1SU=",
                    "dev": true
                }
            }
        },
        "stack-trace": {
            "version": "http://sinopia.wwt.com/stack-trace/-/stack-trace-0.0.9.tgz",
            "integrity": "sha1-qPbq7KkGdMMz58Q5U/J1tFFRBpU=",
            "dev": true
        },
        "stringstream": {
            "version": "http://sinopia.wwt.com/stringstream/-/stringstream-0.0.5.tgz",
            "integrity": "sha1-TkhM1N5aC7vuGORjB3EKioFiGHg=",
            "dev": true
        },
        "tough-cookie": {
            "version": "http://sinopia.wwt.com/tough-cookie/-/tough-cookie-2.3.2.tgz",
            "integrity": "sha1-8IH3bkyFcg5sN6X6ztc3FQ2EByo=",
            "dev": true
        },
        "tunnel-agent": {
            "version": "http://sinopia.wwt.com/tunnel-agent/-/tunnel-agent-0.6.0.tgz",
            "integrity": "sha1-J6XeoGs2sEoKmWZ3SykIaPD8QP0=",
            "dev": true
        },
        "tweetnacl": {
            "version": "http://sinopia.wwt.com/tweetnacl/-/tweetnacl-0.14.5.tgz",
            "integrity": "sha1-WuaBd/GS1EViadEIr6k/+HQ/T2Q=",
            "dev": true,
            "optional": true
        },
        "type-detect": {
            "version": "http://sinopia.wwt.com/type-detect/-/type-detect-1.0.0.tgz",
            "integrity": "sha1-diIXzAbbJY7EiQihKY6LlRIejqI=",
            "dev": true
        },
        "underscore": {
            "version": "http://sinopia.wwt.com/underscore/-/underscore-1.6.0.tgz",
            "integrity": "sha1-izixDKze9jM3uLJOT/htRa6lKag=",
            "dev": true
        },
        "uuid": {
            "version": "http://sinopia.wwt.com/uuid/-/uuid-3.0.1.tgz",
            "integrity": "sha1-ZUS7ot/ajBzxfmKaOjBeK7H+5sE=",
            "dev": true
        },
        "verror": {
            "version": "http://sinopia.wwt.com/verror/-/verror-1.3.6.tgz",
            "integrity": "sha1-z/XfEpRtKX0rqu+qJoniW+AcAFw=",
            "dev": true
        },
        "walkdir": {
            "version": "http://sinopia.wwt.com/walkdir/-/walkdir-0.0.11.tgz",
            "integrity": "sha1-oW0CXrkxvQO1LzCMrtD0D86+lTI=",
            "dev": true
        },
        "wwt-raml-api-console": {
            "version": "2.0.1",
            "resolved": "http://sinopia.wwt.com/wwt-raml-api-console/-/wwt-raml-api-console-2.0.1.tgz",
            "integrity": "sha1-1NfOgGjCsKYNDPBKUSnrCQHsiWM="
        }
    }
}
